// !$*UTF8*$!
{
	archiveVersion = 1;
	classes = {
	};
	objectVersion = 50;
	objects = {

/* Begin PBXBuildFile section */
		457D50A126C352920060BA13 /* AppDelegate.swift in Sources */ = {isa = PBXBuildFile; fileRef = 457D50A026C352920060BA13 /* AppDelegate.swift */; };
		457D50A326C352920060BA13 /* SceneDelegate.swift in Sources */ = {isa = PBXBuildFile; fileRef = 457D50A226C352920060BA13 /* SceneDelegate.swift */; };
		457D50A526C352920060BA13 /* GalleryViewController.swift in Sources */ = {isa = PBXBuildFile; fileRef = 457D50A426C352920060BA13 /* GalleryViewController.swift */; };
		457D50A826C352920060BA13 /* Main.storyboard in Resources */ = {isa = PBXBuildFile; fileRef = 457D50A626C352920060BA13 /* Main.storyboard */; };
		457D50AA26C352930060BA13 /* Assets.xcassets in Resources */ = {isa = PBXBuildFile; fileRef = 457D50A926C352930060BA13 /* Assets.xcassets */; };
		457D50AD26C352930060BA13 /* LaunchScreen.storyboard in Resources */ = {isa = PBXBuildFile; fileRef = 457D50AB26C352930060BA13 /* LaunchScreen.storyboard */; };
		457D50B526C362FD0060BA13 /* Photo.swift in Sources */ = {isa = PBXBuildFile; fileRef = 457D50B426C362FD0060BA13 /* Photo.swift */; };
		457D50B726C364560060BA13 /* APIClient.swift in Sources */ = {isa = PBXBuildFile; fileRef = 457D50B626C364560060BA13 /* APIClient.swift */; };
		457D50B926C369560060BA13 /* JSONParser.swift in Sources */ = {isa = PBXBuildFile; fileRef = 457D50B826C369560060BA13 /* JSONParser.swift */; };
		457D50BB26C36BEA0060BA13 /* APIKey.swift in Sources */ = {isa = PBXBuildFile; fileRef = 457D50BA26C36BEA0060BA13 /* APIKey.swift */; };
		457D50BD26C36C9E0060BA13 /* UnsplashAPI.swift in Sources */ = {isa = PBXBuildFile; fileRef = 457D50BC26C36C9E0060BA13 /* UnsplashAPI.swift */; };
		457D50C026C3787F0060BA13 /* PhotoCollectionViewCell.swift in Sources */ = {isa = PBXBuildFile; fileRef = 457D50BF26C3787E0060BA13 /* PhotoCollectionViewCell.swift */; };
/* End PBXBuildFile section */

/* Begin PBXFileReference section */
		457D509D26C352920060BA13 /* PhotoGalleryDesign.app */ = {isa = PBXFileReference; explicitFileType = wrapper.application; includeInIndex = 0; path = PhotoGalleryDesign.app; sourceTree = BUILT_PRODUCTS_DIR; };
		457D50A026C352920060BA13 /* AppDelegate.swift */ = {isa = PBXFileReference; lastKnownFileType = sourcecode.swift; path = AppDelegate.swift; sourceTree = "<group>"; };
		457D50A226C352920060BA13 /* SceneDelegate.swift */ = {isa = PBXFileReference; lastKnownFileType = sourcecode.swift; path = SceneDelegate.swift; sourceTree = "<group>"; };
		457D50A426C352920060BA13 /* GalleryViewController.swift */ = {isa = PBXFileReference; lastKnownFileType = sourcecode.swift; path = GalleryViewController.swift; sourceTree = "<group>"; };
		457D50A726C352920060BA13 /* Base */ = {isa = PBXFileReference; lastKnownFileType = file.storyboard; name = Base; path = Base.lproj/Main.storyboard; sourceTree = "<group>"; };
		457D50A926C352930060BA13 /* Assets.xcassets */ = {isa = PBXFileReference; lastKnownFileType = folder.assetcatalog; path = Assets.xcassets; sourceTree = "<group>"; };
		457D50AC26C352930060BA13 /* Base */ = {isa = PBXFileReference; lastKnownFileType = file.storyboard; name = Base; path = Base.lproj/LaunchScreen.storyboard; sourceTree = "<group>"; };
		457D50AE26C352930060BA13 /* Info.plist */ = {isa = PBXFileReference; lastKnownFileType = text.plist.xml; path = Info.plist; sourceTree = "<group>"; };
		457D50B426C362FD0060BA13 /* Photo.swift */ = {isa = PBXFileReference; lastKnownFileType = sourcecode.swift; path = Photo.swift; sourceTree = "<group>"; };
		457D50B626C364560060BA13 /* APIClient.swift */ = {isa = PBXFileReference; lastKnownFileType = sourcecode.swift; path = APIClient.swift; sourceTree = "<group>"; };
		457D50B826C369560060BA13 /* JSONParser.swift */ = {isa = PBXFileReference; lastKnownFileType = sourcecode.swift; path = JSONParser.swift; sourceTree = "<group>"; };
		457D50BA26C36BEA0060BA13 /* APIKey.swift */ = {isa = PBXFileReference; lastKnownFileType = sourcecode.swift; path = APIKey.swift; sourceTree = "<group>"; };
		457D50BC26C36C9E0060BA13 /* UnsplashAPI.swift */ = {isa = PBXFileReference; lastKnownFileType = sourcecode.swift; path = UnsplashAPI.swift; sourceTree = "<group>"; };
		457D50BF26C3787E0060BA13 /* PhotoCollectionViewCell.swift */ = {isa = PBXFileReference; lastKnownFileType = sourcecode.swift; path = PhotoCollectionViewCell.swift; sourceTree = "<group>"; };
/* End PBXFileReference section */

/* Begin PBXFrameworksBuildPhase section */
		457D509A26C352920060BA13 /* Frameworks */ = {
			isa = PBXFrameworksBuildPhase;
			buildActionMask = 2147483647;
			files = (
			);
			runOnlyForDeploymentPostprocessing = 0;
		};
/* End PBXFrameworksBuildPhase section */

/* Begin PBXGroup section */
		457D509426C352920060BA13 = {
			isa = PBXGroup;
			children = (
				457D509F26C352920060BA13 /* PhotoGalleryDesign */,
				457D509E26C352920060BA13 /* Products */,
			);
			sourceTree = "<group>";
		};
		457D509E26C352920060BA13 /* Products */ = {
			isa = PBXGroup;
			children = (
				457D509D26C352920060BA13 /* PhotoGalleryDesign.app */,
			);
			name = Products;
			sourceTree = "<group>";
		};
		457D509F26C352920060BA13 /* PhotoGalleryDesign */ = {
			isa = PBXGroup;
			children = (
				457D50A026C352920060BA13 /* AppDelegate.swift */,
				457D50A226C352920060BA13 /* SceneDelegate.swift */,
				457D50A426C352920060BA13 /* GalleryViewController.swift */,
				457D50BF26C3787E0060BA13 /* PhotoCollectionViewCell.swift */,
				457D50B426C362FD0060BA13 /* Photo.swift */,
				457D50BE26C36CA90060BA13 /* Networking */,
				457D50A626C352920060BA13 /* Main.storyboard */,
				457D50A926C352930060BA13 /* Assets.xcassets */,
				457D50AB26C352930060BA13 /* LaunchScreen.storyboard */,
				457D50AE26C352930060BA13 /* Info.plist */,
			);
			path = PhotoGalleryDesign;
			sourceTree = "<group>";
		};
		457D50BE26C36CA90060BA13 /* Networking */ = {
			isa = PBXGroup;
			children = (
				457D50B626C364560060BA13 /* APIClient.swift */,
				457D50B826C369560060BA13 /* JSONParser.swift */,
				457D50BC26C36C9E0060BA13 /* UnsplashAPI.swift */,
				457D50BA26C36BEA0060BA13 /* APIKey.swift */,
			);
			path = Networking;
			sourceTree = "<group>";
		};
/* End PBXGroup section */

/* Begin PBXNativeTarget section */
		457D509C26C352920060BA13 /* PhotoGalleryDesign */ = {
			isa = PBXNativeTarget;
			buildConfigurationList = 457D50B126C352930060BA13 /* Build configuration list for PBXNativeTarget "PhotoGalleryDesign" */;
			buildPhases = (
				457D509926C352920060BA13 /* Sources */,
				457D509A26C352920060BA13 /* Frameworks */,
				457D509B26C352920060BA13 /* Resources */,
			);
			buildRules = (
			);
			dependencies = (
			);
			name = PhotoGalleryDesign;
			productName = PhotoGalleryDesign;
			productReference = 457D509D26C352920060BA13 /* PhotoGalleryDesign.app */;
			productType = "com.apple.product-type.application";
		};
/* End PBXNativeTarget section */

/* Begin PBXProject section */
		457D509526C352920060BA13 /* Project object */ = {
			isa = PBXProject;
			attributes = {
				LastSwiftUpdateCheck = 1250;
				LastUpgradeCheck = 1250;
				TargetAttributes = {
					457D509C26C352920060BA13 = {
						CreatedOnToolsVersion = 12.5.1;
					};
				};
			};
			buildConfigurationList = 457D509826C352920060BA13 /* Build configuration list for PBXProject "PhotoGalleryDesign" */;
			compatibilityVersion = "Xcode 9.3";
			developmentRegion = en;
			hasScannedForEncodings = 0;
			knownRegions = (
				en,
				Base,
			);
			mainGroup = 457D509426C352920060BA13;
			productRefGroup = 457D509E26C352920060BA13 /* Products */;
			projectDirPath = "";
			projectRoot = "";
			targets = (
				457D509C26C352920060BA13 /* PhotoGalleryDesign */,
			);
		};
/* End PBXProject section */

/* Begin PBXResourcesBuildPhase section */
		457D509B26C352920060BA13 /* Resources */ = {
			isa = PBXResourcesBuildPhase;
			buildActionMask = 2147483647;
			files = (
				457D50AD26C352930060BA13 /* LaunchScreen.storyboard in Resources */,
				457D50AA26C352930060BA13 /* Assets.xcassets in Resources */,
				457D50A826C352920060BA13 /* Main.storyboard in Resources */,
			);
			runOnlyForDeploymentPostprocessing = 0;
		};
/* End PBXResourcesBuildPhase section */

/* Begin PBXSourcesBuildPhase section */
		457D509926C352920060BA13 /* Sources */ = {
			isa = PBXSourcesBuildPhase;
			buildActionMask = 2147483647;
			files = (
				457D50B526C362FD0060BA13 /* Photo.swift in Sources */,
				457D50BB26C36BEA0060BA13 /* APIKey.swift in Sources */,
				457D50A526C352920060BA13 /* GalleryViewController.swift in Sources */,
				457D50B926C369560060BA13 /* JSONParser.swift in Sources */,
				457D50BD26C36C9E0060BA13 /* UnsplashAPI.swift in Sources */,
				457D50C026C3787F0060BA13 /* PhotoCollectionViewCell.swift in Sources */,
				457D50A126C352920060BA13 /* AppDelegate.swift in Sources */,
				457D50B726C364560060BA13 /* APIClient.swift in Sources */,
				457D50A326C352920060BA13 /* SceneDelegate.swift in Sources */,
			);
			runOnlyForDeploymentPostprocessing = 0;
		};
/* End PBXSourcesBuildPhase section */

/* Begin PBXVariantGroup section */
		457D50A626C352920060BA13 /* Main.storyboard */ = {
			isa = PBXVariantGroup;
			children = (
				457D50A726C352920060BA13 /* Base */,
			);
			name = Main.storyboard;
			sourceTree = "<group>";
		};
		457D50AB26C352930060BA13 /* LaunchScreen.storyboard */ = {
			isa = PBXVariantGroup;
			children = (
				457D50AC26C352930060BA13 /* Base */,
			);
			name = LaunchScreen.storyboard;
			sourceTree = "<group>";
		};
/* End PBXVariantGroup section */

/* Begin XCBuildConfiguration section */
		457D50AF26C352930060BA13 /* Debug */ = {
			isa = XCBuildConfiguration;
			buildSettings = {
				ALWAYS_SEARCH_USER_PATHS = NO;
				CLANG_ANALYZER_NONNULL = YES;
				CLANG_ANALYZER_NUMBER_OBJECT_CONVERSION = YES_AGGRESSIVE;
				CLANG_CXX_LANGUAGE_STANDARD = "gnu++14";
				CLANG_CXX_LIBRARY = "libc++";
				CLANG_ENABLE_MODULES = YES;
				CLANG_ENABLE_OBJC_ARC = YES;
				CLANG_ENABLE_OBJC_WEAK = YES;
				CLANG_WARN_BLOCK_CAPTURE_AUTORELEASING = YES;
				CLANG_WARN_BOOL_CONVERSION = YES;
				CLANG_WARN_COMMA = YES;
				CLANG_WARN_CONSTANT_CONVERSION = YES;
				CLANG_WARN_DEPRECATED_OBJC_IMPLEMENTATIONS = YES;
				CLANG_WARN_DIRECT_OBJC_ISA_USAGE = YES_ERROR;
				CLANG_WARN_DOCUMENTATION_COMMENTS = YES;
				CLANG_WARN_EMPTY_BODY = YES;
				CLANG_WARN_ENUM_CONVERSION = YES;
				CLANG_WARN_INFINITE_RECURSION = YES;
				CLANG_WARN_INT_CONVERSION = YES;
				CLANG_WARN_NON_LITERAL_NULL_CONVERSION = YES;
				CLANG_WARN_OBJC_IMPLICIT_RETAIN_SELF = YES;
				CLANG_WARN_OBJC_LITERAL_CONVERSION = YES;
				CLANG_WARN_OBJC_ROOT_CLASS = YES_ERROR;
				CLANG_WARN_QUOTED_INCLUDE_IN_FRAMEWORK_HEADER = YES;
				CLANG_WARN_RANGE_LOOP_ANALYSIS = YES;
				CLANG_WARN_STRICT_PROTOTYPES = YES;
				CLANG_WARN_SUSPICIOUS_MOVE = YES;
				CLANG_WARN_UNGUARDED_AVAILABILITY = YES_AGGRESSIVE;
				CLANG_WARN_UNREACHABLE_CODE = YES;
				CLANG_WARN__DUPLICATE_METHOD_MATCH = YES;
				COPY_PHASE_STRIP = NO;
				DEBUG_INFORMATION_FORMAT = dwarf;
				ENABLE_STRICT_OBJC_MSGSEND = YES;
				ENABLE_TESTABILITY = YES;
				GCC_C_LANGUAGE_STANDARD = gnu11;
				GCC_DYNAMIC_NO_PIC = NO;
				GCC_NO_COMMON_BLOCKS = YES;
				GCC_OPTIMIZATION_LEVEL = 0;
				GCC_PREPROCESSOR_DEFINITIONS = (
					"DEBUG=1",
					"$(inherited)",
				);
				GCC_WARN_64_TO_32_BIT_CONVERSION = YES;
				GCC_WARN_ABOUT_RETURN_TYPE = YES_ERROR;
				GCC_WARN_UNDECLARED_SELECTOR = YES;
				GCC_WARN_UNINITIALIZED_AUTOS = YES_AGGRESSIVE;
				GCC_WARN_UNUSED_FUNCTION = YES;
				GCC_WARN_UNUSED_VARIABLE = YES;
				IPHONEOS_DEPLOYMENT_TARGET = 14.5;
				MTL_ENABLE_DEBUG_INFO = INCLUDE_SOURCE;
				MTL_FAST_MATH = YES;
				ONLY_ACTIVE_ARCH = YES;
				SDKROOT = iphoneos;
				SWIFT_ACTIVE_COMPILATION_CONDITIONS = DEBUG;
				SWIFT_OPTIMIZATION_LEVEL = "-Onone";
			};
			name = Debug;
		};
		457D50B026C352930060BA13 /* Release */ = {
			isa = XCBuildConfiguration;
			buildSettings = {
				ALWAYS_SEARCH_USER_PATHS = NO;
				CLANG_ANALYZER_NONNULL = YES;
				CLANG_ANALYZER_NUMBER_OBJECT_CONVERSION = YES_AGGRESSIVE;
				CLANG_CXX_LANGUAGE_STANDARD = "gnu++14";
				CLANG_CXX_LIBRARY = "libc++";
				CLANG_ENABLE_MODULES = YES;
				CLANG_ENABLE_OBJC_ARC = YES;
				CLANG_ENABLE_OBJC_WEAK = YES;
				CLANG_WARN_BLOCK_CAPTURE_AUTORELEASING = YES;
				CLANG_WARN_BOOL_CONVERSION = YES;
				CLANG_WARN_COMMA = YES;
				CLANG_WARN_CONSTANT_CONVERSION = YES;
				CLANG_WARN_DEPRECATED_OBJC_IMPLEMENTATIONS = YES;
				CLANG_WARN_DIRECT_OBJC_ISA_USAGE = YES_ERROR;
				CLANG_WARN_DOCUMENTATION_COMMENTS = YES;
				CLANG_WARN_EMPTY_BODY = YES;
				CLANG_WARN_ENUM_CONVERSION = YES;
				CLANG_WARN_INFINITE_RECURSION = YES;
				CLANG_WARN_INT_CONVERSION = YES;
				CLANG_WARN_NON_LITERAL_NULL_CONVERSION = YES;
				CLANG_WARN_OBJC_IMPLICIT_RETAIN_SELF = YES;
				CLANG_WARN_OBJC_LITERAL_CONVERSION = YES;
				CLANG_WARN_OBJC_ROOT_CLASS = YES_ERROR;
				CLANG_WARN_QUOTED_INCLUDE_IN_FRAMEWORK_HEADER = YES;
				CLANG_WARN_RANGE_LOOP_ANALYSIS = YES;
				CLANG_WARN_STRICT_PROTOTYPES = YES;
				CLANG_WARN_SUSPICIOUS_MOVE = YES;
				CLANG_WARN_UNGUARDED_AVAILABILITY = YES_AGGRESSIVE;
				CLANG_WARN_UNREACHABLE_CODE = YES;
				CLANG_WARN__DUPLICATE_METHOD_MATCH = YES;
				COPY_PHASE_STRIP = NO;
				DEBUG_INFORMATION_FORMAT = "dwarf-with-dsym";
				ENABLE_NS_ASSERTIONS = NO;
				ENABLE_STRICT_OBJC_MSGSEND = YES;
				GCC_C_LANGUAGE_STANDARD = gnu11;
				GCC_NO_COMMON_BLOCKS = YES;
				GCC_WARN_64_TO_32_BIT_CONVERSION = YES;
				GCC_WARN_ABOUT_RETURN_TYPE = YES_ERROR;
				GCC_WARN_UNDECLARED_SELECTOR = YES;
				GCC_WARN_UNINITIALIZED_AUTOS = YES_AGGRESSIVE;
				GCC_WARN_UNUSED_FUNCTION = YES;
				GCC_WARN_UNUSED_VARIABLE = YES;
				IPHONEOS_DEPLOYMENT_TARGET = 14.5;
				MTL_ENABLE_DEBUG_INFO = NO;
				MTL_FAST_MATH = YES;
				SDKROOT = iphoneos;
				SWIFT_COMPILATION_MODE = wholemodule;
				SWIFT_OPTIMIZATION_LEVEL = "-O";
				VALIDATE_PRODUCT = YES;
			};
			name = Release;
		};
		457D50B226C352930060BA13 /* Debug */ = {
			isa = XCBuildConfiguration;
			buildSettings = {
				ASSETCATALOG_COMPILER_APPICON_NAME = AppIcon;
				ASSETCATALOG_COMPILER_GLOBAL_ACCENT_COLOR_NAME = AccentColor;
				CODE_SIGN_STYLE = Automatic;
				DEVELOPMENT_TEAM = 488G2FHT7X;
				INFOPLIST_FILE = PhotoGalleryDesign/Info.plist;
				LD_RUNPATH_SEARCH_PATHS = (
					"$(inherited)",
					"@executable_path/Frameworks",
				);
				PRODUCT_BUNDLE_IDENTIFIER = com.naz.PhotoGalleryDesign;
				PRODUCT_NAME = "$(TARGET_NAME)";
				SWIFT_VERSION = 5.0;
				TARGETED_DEVICE_FAMILY = "1,2";
			};
			name = Debug;
		};
		457D50B326C352930060BA13 /* Release */ = {
			isa = XCBuildConfiguration;
			buildSettings = {
				ASSETCATALOG_COMPILER_APPICON_NAME = AppIcon;
				ASSETCATALOG_COMPILER_GLOBAL_ACCENT_COLOR_NAME = AccentColor;
				CODE_SIGN_STYLE = Automatic;
				DEVELOPMENT_TEAM = 488G2FHT7X;
				INFOPLIST_FILE = PhotoGalleryDesign/Info.plist;
				LD_RUNPATH_SEARCH_PATHS = (
					"$(inherited)",
					"@executable_path/Frameworks",
				);
				PRODUCT_BUNDLE_IDENTIFIER = com.naz.PhotoGalleryDesign;
				PRODUCT_NAME = "$(TARGET_NAME)";
				SWIFT_VERSION = 5.0;
				TARGETED_DEVICE_FAMILY = "1,2";
			};
			name = Release;
		};
/* End XCBuildConfiguration section */

/* Begin XCConfigurationList section */
		457D509826C352920060BA13 /* Build configuration list for PBXProject "PhotoGalleryDesign" */ = {
			isa = XCConfigurationList;
			buildConfigurations = (
				457D50AF26C352930060BA13 /* Debug */,
				457D50B026C352930060BA13 /* Release */,
			);
			defaultConfigurationIsVisible = 0;
			defaultConfigurationName = Release;
		};
		457D50B126C352930060BA13 /* Build configuration list for PBXNativeTarget "PhotoGalleryDesign" */ = {
			isa = XCConfigurationList;
			buildConfigurations = (
				457D50B226C352930060BA13 /* Debug */,
				457D50B326C352930060BA13 /* Release */,
			);
			defaultConfigurationIsVisible = 0;
			defaultConfigurationName = Release;
		};
/* End XCConfigurationList section */
	};
	rootObject = 457D509526C352920060BA13 /* Project object */;
}
